
Microsoft Visual Studio Solution File, Format Version 12.00
# Visual Studio 14
VisualStudioVersion = 14.0.23107.0
MinimumVisualStudioVersion = 10.0.40219.1
Project("{FAE04EC0-301F-11D3-BF4B-00C04F79EFBC}") = "VariableTableCellHeight", "VariableTableCellHeight\VariableTableCellHeight.csproj", "{3CBA6D74-51C1-44AD-8D06-9F954CCE364D}"
EndProject
Global
	GlobalSection(SolutionConfigurationPlatforms) = preSolution
		Ad-Hoc|iPhone = Ad-Hoc|iPhone
		Ad-Hoc|iPhoneSimulator = Ad-Hoc|iPhoneSimulator
		AppStore|iPhone = AppStore|iPhone
		AppStore|iPhoneSimulator = AppStore|iPhoneSimulator
		Debug|iPhone = Debug|iPhone
		Debug|iPhoneSimulator = Debug|iPhoneSimulator
		Release|iPhone = Release|iPhone
		Release|iPhoneSimulator = Release|iPhoneSimulator
	EndGlobalSection
	GlobalSection(ProjectConfigurationPlatforms) = postSolution
		{3CBA6D74-51C1-44AD-8D06-9F954CCE364D}.Ad-Hoc|iPhone.ActiveCfg = Ad-Hoc|iPhone
		{3CBA6D74-51C1-44AD-8D06-9F954CCE364D}.Ad-Hoc|iPhone.Build.0 = Ad-Hoc|iPhone
		{3CBA6D74-51C1-44AD-8D06-9F954CCE364D}.Ad-Hoc|iPhoneSimulator.ActiveCfg = Ad-Hoc|iPhoneSimulator
		{3CBA6D74-51C1-44AD-8D06-9F954CCE364D}.Ad-Hoc|iPhoneSimulator.Build.0 = Ad-Hoc|iPhoneSimulator
		{3CBA6D74-51C1-44AD-8D06-9F954CCE364D}.AppStore|iPhone.ActiveCfg = AppStore|iPhone
		{3CBA6D74-51C1-44AD-8D06-9F954CCE364D}.AppStore|iPhone.Build.0 = AppStore|iPhone
		{3CBA6D74-51C1-44AD-8D06-9F954CCE364D}.AppStore|iPhoneSimulator.ActiveCfg = AppStore|iPhoneSimulator
		{3CBA6D74-51C1-44AD-8D06-9F954CCE364D}.AppStore|iPhoneSimulator.Build.0 = AppStore|iPhoneSimulator
		{3CBA6D74-51C1-44AD-8D06-9F954CCE364D}.Debug|iPhone.ActiveCfg = Debug|iPhone
		{3CBA6D74-51C1-44AD-8D06-9F954CCE364D}.Debug|iPhone.Build.0 = Debug|iPhone
		{3CBA6D74-51C1-44AD-8D06-9F954CCE364D}.Debug|iPhoneSimulator.ActiveCfg = Debug|iPhoneSimulator
		{3CBA6D74-51C1-44AD-8D06-9F954CCE364D}.Debug|iPhoneSimulator.Build.0 = Debug|iPhoneSimulator
		{3CBA6D74-51C1-44AD-8D06-9F954CCE364D}.Release|iPhone.ActiveCfg = Release|iPhone
		{3CBA6D74-51C1-44AD-8D06-9F954CCE364D}.Release|iPhone.Build.0 = Release|iPhone
		{3CBA6D74-51C1-44AD-8D06-9F954CCE364D}.Release|iPhoneSimulator.ActiveCfg = Release|iPhoneSimulator
		{3CBA6D74-51C1-44AD-8D06-9F954CCE364D}.Release|iPhoneSimulator.Build.0 = Release|iPhoneSimulator
	EndGlobalSection
	GlobalSection(SolutionProperties) = preSolution
		HideSolutionNode = FALSE
	EndGlobalSection
EndGlobal
